
Microsoft Visual Studio Solution File, Format Version 12.00
# Visual Studio Version 16
VisualStudioVersion = 16.0.30711.63
MinimumVisualStudioVersion = 10.0.40219.1
Project("{FAE04EC0-301F-11D3-BF4B-00C04F79EFBC}") = "ServiceResponseT", "ServiceResponseT.csproj", "{89D919B6-3AFC-46EB-95B1-A894CC5B8B40}"
EndProject
Global
	GlobalSection(SolutionConfigurationPlatforms) = preSolution
		Debug|Any CPU = Debug|Any CPU
		Release|Any CPU = Release|Any CPU
	EndGlobalSection
	GlobalSection(ProjectConfigurationPlatforms) = postSolution
		{89D919B6-3AFC-46EB-95B1-A894CC5B8B40}.Debug|Any CPU.ActiveCfg = Debug|Any CPU
		{89D919B6-3AFC-46EB-95B1-A894CC5B8B40}.Debug|Any CPU.Build.0 = Debug|Any CPU
		{89D919B6-3AFC-46EB-95B1-A894CC5B8B40}.Release|Any CPU.ActiveCfg = Release|Any CPU
		{89D919B6-3AFC-46EB-95B1-A894CC5B8B40}.Release|Any CPU.Build.0 = Release|Any CPU
	EndGlobalSection
	GlobalSection(SolutionProperties) = preSolution
		HideSolutionNode = FALSE
	EndGlobalSection
	GlobalSection(ExtensibilityGlobals) = postSolution
		SolutionGuid = {28EBCFEE-FA34-41B6-A783-7186D1D21A77}
	EndGlobalSection
EndGlobal
